
Microsoft Visual Studio Solution File, Format Version 12.00
# Visual Studio Version 16
VisualStudioVersion = 16.0.33927.289
MinimumVisualStudioVersion = 10.0.40219.1
Project("{FAE04EC0-301F-11D3-BF4B-00C04F79EFBC}") = "Tyuiu.MorozAD.Sprint3.Task0.V30.Lib", "Tyuiu.MorozAD.Sprint3.Task0.V30.Lib\Tyuiu.MorozAD.Sprint3.Task0.V30.Lib.csproj", "{4C58BB03-E248-48E0-B260-180F283A6AFC}"
EndProject
Project("{2150E333-8FDC-42A3-9474-1A3956D46DE8}") = "Task0", "Task0", "{B173A8F1-8987-4503-9006-AE5AD1B85B3C}"
EndProject
Project("{FAE04EC0-301F-11D3-BF4B-00C04F79EFBC}") = "Tyuiu.MorozAD.Sprint3.Task0.V30.Test", "Tyuiu.MorozAD.Sprint3.Task0.V30.Test\Tyuiu.MorozAD.Sprint3.Task0.V30.Test.csproj", "{4B0DE149-BB8C-4177-96DB-F041552D03BA}"
EndProject
Project("{FAE04EC0-301F-11D3-BF4B-00C04F79EFBC}") = "Tyuiu.MorozAD.Sprint3.Task0.V30", "Tyuiu.MorozAD.Sprint3.Task0.V30\Tyuiu.MorozAD.Sprint3.Task0.V30.csproj", "{35B5C99A-ABF1-43B2-90BF-A4827D4034B4}"
EndProject
Project("{2150E333-8FDC-42A3-9474-1A3956D46DE8}") = "Task1", "Task1", "{91BB97D7-BD9B-4D1F-9795-C0990DB01D59}"
EndProject
Project("{FAE04EC0-301F-11D3-BF4B-00C04F79EFBC}") = "Tyuiu.MorozAD.Sprint3.Task1.V29", "Tyuiu.MorozAD.Sprint3.Task1.V29\Tyuiu.MorozAD.Sprint3.Task1.V29.csproj", "{6103EFB7-1B5B-409C-BC8E-07B752D1F4EB}"
EndProject
Project("{FAE04EC0-301F-11D3-BF4B-00C04F79EFBC}") = "Tyuiu.MorozAD.Sprint3.Task1.V29.Test", "Tyuiu.MorozAD.Sprint3.Task1.V29.Test\Tyuiu.MorozAD.Sprint3.Task1.V29.Test.csproj", "{D8656467-798F-4290-ACDF-6EDF198F7EC4}"
EndProject
Project("{FAE04EC0-301F-11D3-BF4B-00C04F79EFBC}") = "Tyuiu.MorozAD.Sprint3.Task1.V29.Lib", "Tyuiu.MorozAD.Sprint3.Task1.V29.Lib\Tyuiu.MorozAD.Sprint3.Task1.V29.Lib.csproj", "{8EDBE45E-E68F-47E2-A2FB-2F6D553B7DAE}"
EndProject
Project("{2150E333-8FDC-42A3-9474-1A3956D46DE8}") = "Task2", "Task2", "{35C716BA-722B-4467-BA7D-707F27F2E3EC}"
EndProject
Project("{FAE04EC0-301F-11D3-BF4B-00C04F79EFBC}") = "Tyuiu.MorozAD.Sprint3.Task2.V19", "Tyuiu.MorozAD.Sprint3.Task2.V19\Tyuiu.MorozAD.Sprint3.Task2.V19.csproj", "{E5A054C1-44DB-43F2-AD42-0B22579F9C37}"
EndProject
Project("{FAE04EC0-301F-11D3-BF4B-00C04F79EFBC}") = "Tyuiu.MorozAD.Sprint3.Task2.V19.Lib", "Tyuiu.MorozAD.Sprint3.Task2.V19.Lib\Tyuiu.MorozAD.Sprint3.Task2.V19.Lib.csproj", "{8F2EACE5-7552-4677-8FB0-CCC971635F23}"
EndProject
Project("{FAE04EC0-301F-11D3-BF4B-00C04F79EFBC}") = "Tyuiu.MorozAD.Sprint3.Task2.V19.Test", "Tyuiu.MorozAD.Sprint3.Task2.V19.Test\Tyuiu.MorozAD.Sprint3.Task2.V19.Test.csproj", "{2B427A54-CE15-496E-BC7D-73D26E4DC813}"
EndProject
Project("{2150E333-8FDC-42A3-9474-1A3956D46DE8}") = "NewFolder1", "NewFolder1", "{A8D56A5A-09C4-4A0F-992D-7660BB4B76C5}"
EndProject
Project("{FAE04EC0-301F-11D3-BF4B-00C04F79EFBC}") = "Tyuiu.MorozAD.Sprint3.Task3.V26", "Tyuiu.MorozAD.Sprint3.Task3.V26\Tyuiu.MorozAD.Sprint3.Task3.V26.csproj", "{1DDB23AE-6D1A-4DC5-8E1B-AED1DD6B2406}"
EndProject
Project("{FAE04EC0-301F-11D3-BF4B-00C04F79EFBC}") = "Tyuiu.MorozAD.Sprint3.Task3.V26.Test", "Tyuiu.MorozAD.Sprint3.Task3.V26.Test\Tyuiu.MorozAD.Sprint3.Task3.V26.Test.csproj", "{20E3F02E-017D-406D-9B2E-D74884A76935}"
EndProject
Project("{FAE04EC0-301F-11D3-BF4B-00C04F79EFBC}") = "Tyuiu.MorozAD.Sprint3.Task3.V26.Lib", "Tyuiu.MorozAD.Sprint3.Task3.V26.Lib\Tyuiu.MorozAD.Sprint3.Task3.V26.Lib.csproj", "{B9A0E5C8-F330-4D90-939A-5B3D1BD3BD18}"
EndProject
Project("{2150E333-8FDC-42A3-9474-1A3956D46DE8}") = "NewFolder2", "NewFolder2", "{336DF9FE-BD43-48C1-855A-A639C784FDB5}"
EndProject
Project("{FAE04EC0-301F-11D3-BF4B-00C04F79EFBC}") = "Tyuiu.MorozAD.Sprint3.Task4.V11.Lib", "Tyuiu.MorozAD.Sprint3.Task4.V11.Lib\Tyuiu.MorozAD.Sprint3.Task4.V11.Lib.csproj", "{C0C3BF14-027C-4121-9E00-982200D1BD6E}"
EndProject
Project("{FAE04EC0-301F-11D3-BF4B-00C04F79EFBC}") = "Tyuiu.MorozAD.Sprint3.Task4.V11.Test", "Tyuiu.MorozAD.Sprint3.Task4.V11.Test\Tyuiu.MorozAD.Sprint3.Task4.V11.Test.csproj", "{5532D5BD-1A64-4572-B1D3-F683E1BC73A4}"
EndProject
Project("{FAE04EC0-301F-11D3-BF4B-00C04F79EFBC}") = "Tyuiu.MorozAD.Sprint3.Task4.V11", "Tyuiu.MorozAD.Sprint3.Task4.V11\Tyuiu.MorozAD.Sprint3.Task4.V11.csproj", "{241E2640-9451-4044-9CC2-C25318DFCDDC}"
EndProject
Project("{2150E333-8FDC-42A3-9474-1A3956D46DE8}") = "NewFolder3", "NewFolder3", "{95051AD1-5C92-4C1D-9056-E977A5649707}"
EndProject
Project("{FAE04EC0-301F-11D3-BF4B-00C04F79EFBC}") = "Tyuiu.MorozAD.Sprint3.Task5.V23", "Tyuiu.MorozAD.Sprint3.Task5.V23\Tyuiu.MorozAD.Sprint3.Task5.V23.csproj", "{0AD4581F-1F1B-487E-A840-45B46F5B7E9B}"
EndProject
Project("{FAE04EC0-301F-11D3-BF4B-00C04F79EFBC}") = "Tyuiu.MorozAD.Sprint3.Task5.V23.Lib", "Tyuiu.MorozAD.Sprint3.Task5.V23.Lib\Tyuiu.MorozAD.Sprint3.Task5.V23.Lib.csproj", "{3D4D167F-437A-46D1-930B-D17ECB72FB15}"
EndProject
Project("{FAE04EC0-301F-11D3-BF4B-00C04F79EFBC}") = "Tyuiu.MorozAD.Sprint3.Task5.V23.Test", "Tyuiu.MorozAD.Sprint3.Task5.V23.Test\Tyuiu.MorozAD.Sprint3.Task5.V23.Test.csproj", "{D9C93484-18C3-4513-857E-E395B8EC6F3C}"
EndProject
Global
	GlobalSection(SolutionConfigurationPlatforms) = preSolution
		Debug|Any CPU = Debug|Any CPU
		Release|Any CPU = Release|Any CPU
	EndGlobalSection
	GlobalSection(ProjectConfigurationPlatforms) = postSolution
		{4C58BB03-E248-48E0-B260-180F283A6AFC}.Debug|Any CPU.ActiveCfg = Debug|Any CPU
		{4C58BB03-E248-48E0-B260-180F283A6AFC}.Debug|Any CPU.Build.0 = Debug|Any CPU
		{4C58BB03-E248-48E0-B260-180F283A6AFC}.Release|Any CPU.ActiveCfg = Release|Any CPU
		{4C58BB03-E248-48E0-B260-180F283A6AFC}.Release|Any CPU.Build.0 = Release|Any CPU
		{4B0DE149-BB8C-4177-96DB-F041552D03BA}.Debug|Any CPU.ActiveCfg = Debug|Any CPU
		{4B0DE149-BB8C-4177-96DB-F041552D03BA}.Debug|Any CPU.Build.0 = Debug|Any CPU
		{4B0DE149-BB8C-4177-96DB-F041552D03BA}.Release|Any CPU.ActiveCfg = Release|Any CPU
		{4B0DE149-BB8C-4177-96DB-F041552D03BA}.Release|Any CPU.Build.0 = Release|Any CPU
		{35B5C99A-ABF1-43B2-90BF-A4827D4034B4}.Debug|Any CPU.ActiveCfg = Debug|Any CPU
		{35B5C99A-ABF1-43B2-90BF-A4827D4034B4}.Debug|Any CPU.Build.0 = Debug|Any CPU
		{35B5C99A-ABF1-43B2-90BF-A4827D4034B4}.Release|Any CPU.ActiveCfg = Release|Any CPU
		{35B5C99A-ABF1-43B2-90BF-A4827D4034B4}.Release|Any CPU.Build.0 = Release|Any CPU
		{6103EFB7-1B5B-409C-BC8E-07B752D1F4EB}.Debug|Any CPU.ActiveCfg = Debug|Any CPU
		{6103EFB7-1B5B-409C-BC8E-07B752D1F4EB}.Debug|Any CPU.Build.0 = Debug|Any CPU
		{6103EFB7-1B5B-409C-BC8E-07B752D1F4EB}.Release|Any CPU.ActiveCfg = Release|Any CPU
		{6103EFB7-1B5B-409C-BC8E-07B752D1F4EB}.Release|Any CPU.Build.0 = Release|Any CPU
		{D8656467-798F-4290-ACDF-6EDF198F7EC4}.Debug|Any CPU.ActiveCfg = Debug|Any CPU
		{D8656467-798F-4290-ACDF-6EDF198F7EC4}.Debug|Any CPU.Build.0 = Debug|Any CPU
		{D8656467-798F-4290-ACDF-6EDF198F7EC4}.Release|Any CPU.ActiveCfg = Release|Any CPU
		{D8656467-798F-4290-ACDF-6EDF198F7EC4}.Release|Any CPU.Build.0 = Release|Any CPU
		{8EDBE45E-E68F-47E2-A2FB-2F6D553B7DAE}.Debug|Any CPU.ActiveCfg = Debug|Any CPU
		{8EDBE45E-E68F-47E2-A2FB-2F6D553B7DAE}.Debug|Any CPU.Build.0 = Debug|Any CPU
		{8EDBE45E-E68F-47E2-A2FB-2F6D553B7DAE}.Release|Any CPU.ActiveCfg = Release|Any CPU
		{8EDBE45E-E68F-47E2-A2FB-2F6D553B7DAE}.Release|Any CPU.Build.0 = Release|Any CPU
		{E5A054C1-44DB-43F2-AD42-0B22579F9C37}.Debug|Any CPU.ActiveCfg = Debug|Any CPU
		{E5A054C1-44DB-43F2-AD42-0B22579F9C37}.Debug|Any CPU.Build.0 = Debug|Any CPU
		{E5A054C1-44DB-43F2-AD42-0B22579F9C37}.Release|Any CPU.ActiveCfg = Release|Any CPU
		{E5A054C1-44DB-43F2-AD42-0B22579F9C37}.Release|Any CPU.Build.0 = Release|Any CPU
		{8F2EACE5-7552-4677-8FB0-CCC971635F23}.Debug|Any CPU.ActiveCfg = Debug|Any CPU
		{8F2EACE5-7552-4677-8FB0-CCC971635F23}.Debug|Any CPU.Build.0 = Debug|Any CPU
		{8F2EACE5-7552-4677-8FB0-CCC971635F23}.Release|Any CPU.ActiveCfg = Release|Any CPU
		{8F2EACE5-7552-4677-8FB0-CCC971635F23}.Release|Any CPU.Build.0 = Release|Any CPU
		{2B427A54-CE15-496E-BC7D-73D26E4DC813}.Debug|Any CPU.ActiveCfg = Debug|Any CPU
		{2B427A54-CE15-496E-BC7D-73D26E4DC813}.Debug|Any CPU.Build.0 = Debug|Any CPU
		{2B427A54-CE15-496E-BC7D-73D26E4DC813}.Release|Any CPU.ActiveCfg = Release|Any CPU
		{2B427A54-CE15-496E-BC7D-73D26E4DC813}.Release|Any CPU.Build.0 = Release|Any CPU
		{1DDB23AE-6D1A-4DC5-8E1B-AED1DD6B2406}.Debug|Any CPU.ActiveCfg = Debug|Any CPU
		{1DDB23AE-6D1A-4DC5-8E1B-AED1DD6B2406}.Debug|Any CPU.Build.0 = Debug|Any CPU
		{1DDB23AE-6D1A-4DC5-8E1B-AED1DD6B2406}.Release|Any CPU.ActiveCfg = Release|Any CPU
		{1DDB23AE-6D1A-4DC5-8E1B-AED1DD6B2406}.Release|Any CPU.Build.0 = Release|Any CPU
		{20E3F02E-017D-406D-9B2E-D74884A76935}.Debug|Any CPU.ActiveCfg = Debug|Any CPU
		{20E3F02E-017D-406D-9B2E-D74884A76935}.Debug|Any CPU.Build.0 = Debug|Any CPU
		{20E3F02E-017D-406D-9B2E-D74884A76935}.Release|Any CPU.ActiveCfg = Release|Any CPU
		{20E3F02E-017D-406D-9B2E-D74884A76935}.Release|Any CPU.Build.0 = Release|Any CPU
		{B9A0E5C8-F330-4D90-939A-5B3D1BD3BD18}.Debug|Any CPU.ActiveCfg = Debug|Any CPU
		{B9A0E5C8-F330-4D90-939A-5B3D1BD3BD18}.Debug|Any CPU.Build.0 = Debug|Any CPU
		{B9A0E5C8-F330-4D90-939A-5B3D1BD3BD18}.Release|Any CPU.ActiveCfg = Release|Any CPU
		{B9A0E5C8-F330-4D90-939A-5B3D1BD3BD18}.Release|Any CPU.Build.0 = Release|Any CPU
		{C0C3BF14-027C-4121-9E00-982200D1BD6E}.Debug|Any CPU.ActiveCfg = Debug|Any CPU
		{C0C3BF14-027C-4121-9E00-982200D1BD6E}.Debug|Any CPU.Build.0 = Debug|Any CPU
		{C0C3BF14-027C-4121-9E00-982200D1BD6E}.Release|Any CPU.ActiveCfg = Release|Any CPU
		{C0C3BF14-027C-4121-9E00-982200D1BD6E}.Release|Any CPU.Build.0 = Release|Any CPU
		{5532D5BD-1A64-4572-B1D3-F683E1BC73A4}.Debug|Any CPU.ActiveCfg = Debug|Any CPU
		{5532D5BD-1A64-4572-B1D3-F683E1BC73A4}.Debug|Any CPU.Build.0 = Debug|Any CPU
		{5532D5BD-1A64-4572-B1D3-F683E1BC73A4}.Release|Any CPU.ActiveCfg = Release|Any CPU
		{5532D5BD-1A64-4572-B1D3-F683E1BC73A4}.Release|Any CPU.Build.0 = Release|Any CPU
		{241E2640-9451-4044-9CC2-C25318DFCDDC}.Debug|Any CPU.ActiveCfg = Debug|Any CPU
		{241E2640-9451-4044-9CC2-C25318DFCDDC}.Debug|Any CPU.Build.0 = Debug|Any CPU
		{241E2640-9451-4044-9CC2-C25318DFCDDC}.Release|Any CPU.ActiveCfg = Release|Any CPU
		{241E2640-9451-4044-9CC2-C25318DFCDDC}.Release|Any CPU.Build.0 = Release|Any CPU
		{0AD4581F-1F1B-487E-A840-45B46F5B7E9B}.Debug|Any CPU.ActiveCfg = Debug|Any CPU
		{0AD4581F-1F1B-487E-A840-45B46F5B7E9B}.Debug|Any CPU.Build.0 = Debug|Any CPU
		{0AD4581F-1F1B-487E-A840-45B46F5B7E9B}.Release|Any CPU.ActiveCfg = Release|Any CPU
		{0AD4581F-1F1B-487E-A840-45B46F5B7E9B}.Release|Any CPU.Build.0 = Release|Any CPU
		{3D4D167F-437A-46D1-930B-D17ECB72FB15}.Debug|Any CPU.ActiveCfg = Debug|Any CPU
		{3D4D167F-437A-46D1-930B-D17ECB72FB15}.Debug|Any CPU.Build.0 = Debug|Any CPU
		{3D4D167F-437A-46D1-930B-D17ECB72FB15}.Release|Any CPU.ActiveCfg = Release|Any CPU
		{3D4D167F-437A-46D1-930B-D17ECB72FB15}.Release|Any CPU.Build.0 = Release|Any CPU
		{D9C93484-18C3-4513-857E-E395B8EC6F3C}.Debug|Any CPU.ActiveCfg = Debug|Any CPU
		{D9C93484-18C3-4513-857E-E395B8EC6F3C}.Debug|Any CPU.Build.0 = Debug|Any CPU
		{D9C93484-18C3-4513-857E-E395B8EC6F3C}.Release|Any CPU.ActiveCfg = Release|Any CPU
		{D9C93484-18C3-4513-857E-E395B8EC6F3C}.Release|Any CPU.Build.0 = Release|Any CPU
	EndGlobalSection
	GlobalSection(SolutionProperties) = preSolution
		HideSolutionNode = FALSE
	EndGlobalSection
	GlobalSection(NestedProjects) = preSolution
		{4C58BB03-E248-48E0-B260-180F283A6AFC} = {B173A8F1-8987-4503-9006-AE5AD1B85B3C}
		{4B0DE149-BB8C-4177-96DB-F041552D03BA} = {B173A8F1-8987-4503-9006-AE5AD1B85B3C}
		{35B5C99A-ABF1-43B2-90BF-A4827D4034B4} = {B173A8F1-8987-4503-9006-AE5AD1B85B3C}
		{6103EFB7-1B5B-409C-BC8E-07B752D1F4EB} = {91BB97D7-BD9B-4D1F-9795-C0990DB01D59}
		{D8656467-798F-4290-ACDF-6EDF198F7EC4} = {91BB97D7-BD9B-4D1F-9795-C0990DB01D59}
		{8EDBE45E-E68F-47E2-A2FB-2F6D553B7DAE} = {91BB97D7-BD9B-4D1F-9795-C0990DB01D59}
		{E5A054C1-44DB-43F2-AD42-0B22579F9C37} = {35C716BA-722B-4467-BA7D-707F27F2E3EC}
		{8F2EACE5-7552-4677-8FB0-CCC971635F23} = {35C716BA-722B-4467-BA7D-707F27F2E3EC}
		{2B427A54-CE15-496E-BC7D-73D26E4DC813} = {35C716BA-722B-4467-BA7D-707F27F2E3EC}
		{1DDB23AE-6D1A-4DC5-8E1B-AED1DD6B2406} = {A8D56A5A-09C4-4A0F-992D-7660BB4B76C5}
		{20E3F02E-017D-406D-9B2E-D74884A76935} = {A8D56A5A-09C4-4A0F-992D-7660BB4B76C5}
		{B9A0E5C8-F330-4D90-939A-5B3D1BD3BD18} = {A8D56A5A-09C4-4A0F-992D-7660BB4B76C5}
		{C0C3BF14-027C-4121-9E00-982200D1BD6E} = {336DF9FE-BD43-48C1-855A-A639C784FDB5}
		{5532D5BD-1A64-4572-B1D3-F683E1BC73A4} = {336DF9FE-BD43-48C1-855A-A639C784FDB5}
		{241E2640-9451-4044-9CC2-C25318DFCDDC} = {336DF9FE-BD43-48C1-855A-A639C784FDB5}
		{0AD4581F-1F1B-487E-A840-45B46F5B7E9B} = {95051AD1-5C92-4C1D-9056-E977A5649707}
		{3D4D167F-437A-46D1-930B-D17ECB72FB15} = {95051AD1-5C92-4C1D-9056-E977A5649707}
		{D9C93484-18C3-4513-857E-E395B8EC6F3C} = {95051AD1-5C92-4C1D-9056-E977A5649707}
	EndGlobalSection
	GlobalSection(ExtensibilityGlobals) = postSolution
		SolutionGuid = {E479A6ED-CDCA-4D40-AEFD-44FDD702FFD3}
	EndGlobalSection
EndGlobal
