
Microsoft Visual Studio Solution File, Format Version 12.00
# Visual Studio Version 16
VisualStudioVersion = 16.0.33927.289
MinimumVisualStudioVersion = 10.0.40219.1
Project("{FAE04EC0-301F-11D3-BF4B-00C04F79EFBC}") = "Tyuiu.MorozAD.Sprint3.Task0.V30.Lib", "Tyuiu.MorozAD.Sprint3.Task0.V30.Lib\Tyuiu.MorozAD.Sprint3.Task0.V30.Lib.csproj", "{4C58BB03-E248-48E0-B260-180F283A6AFC}"
EndProject
Project("{2150E333-8FDC-42A3-9474-1A3956D46DE8}") = "Task0", "Task0", "{B173A8F1-8987-4503-9006-AE5AD1B85B3C}"
EndProject
Project("{FAE04EC0-301F-11D3-BF4B-00C04F79EFBC}") = "Tyuiu.MorozAD.Sprint3.Task0.V30.Test", "Tyuiu.MorozAD.Sprint3.Task0.V30.Test\Tyuiu.MorozAD.Sprint3.Task0.V30.Test.csproj", "{4B0DE149-BB8C-4177-96DB-F041552D03BA}"
EndProject
Project("{FAE04EC0-301F-11D3-BF4B-00C04F79EFBC}") = "Tyuiu.MorozAD.Sprint3.Task0.V30", "Tyuiu.MorozAD.Sprint3.Task0.V30\Tyuiu.MorozAD.Sprint3.Task0.V30.csproj", "{35B5C99A-ABF1-43B2-90BF-A4827D4034B4}"
EndProject
Project("{2150E333-8FDC-42A3-9474-1A3956D46DE8}") = "Task1", "Task1", "{91BB97D7-BD9B-4D1F-9795-C0990DB01D59}"
EndProject
Project("{FAE04EC0-301F-11D3-BF4B-00C04F79EFBC}") = "Tyuiu.MorozAD.Sprint3.Task1.V29", "Tyuiu.MorozAD.Sprint3.Task1.V29\Tyuiu.MorozAD.Sprint3.Task1.V29.csproj", "{6103EFB7-1B5B-409C-BC8E-07B752D1F4EB}"
EndProject
Project("{FAE04EC0-301F-11D3-BF4B-00C04F79EFBC}") = "Tyuiu.MorozAD.Sprint3.Task1.V29.Test", "Tyuiu.MorozAD.Sprint3.Task1.V29.Test\Tyuiu.MorozAD.Sprint3.Task1.V29.Test.csproj", "{D8656467-798F-4290-ACDF-6EDF198F7EC4}"
EndProject
Project("{FAE04EC0-301F-11D3-BF4B-00C04F79EFBC}") = "Tyuiu.MorozAD.Sprint3.Task1.V29.Lib", "Tyuiu.MorozAD.Sprint3.Task1.V29.Lib\Tyuiu.MorozAD.Sprint3.Task1.V29.Lib.csproj", "{8EDBE45E-E68F-47E2-A2FB-2F6D553B7DAE}"
EndProject
Project("{2150E333-8FDC-42A3-9474-1A3956D46DE8}") = "Task2", "Task2", "{35C716BA-722B-4467-BA7D-707F27F2E3EC}"
EndProject
Project("{FAE04EC0-301F-11D3-BF4B-00C04F79EFBC}") = "Tyuiu.MorozAD.Sprint3.Task2.V19", "Tyuiu.MorozAD.Sprint3.Task2.V19\Tyuiu.MorozAD.Sprint3.Task2.V19.csproj", "{E5A054C1-44DB-43F2-AD42-0B22579F9C37}"
EndProject
Project("{FAE04EC0-301F-11D3-BF4B-00C04F79EFBC}") = "Tyuiu.MorozAD.Sprint3.Task2.V19.Lib", "Tyuiu.MorozAD.Sprint3.Task2.V19.Lib\Tyuiu.MorozAD.Sprint3.Task2.V19.Lib.csproj", "{8F2EACE5-7552-4677-8FB0-CCC971635F23}"
EndProject
Project("{FAE04EC0-301F-11D3-BF4B-00C04F79EFBC}") = "Tyuiu.MorozAD.Sprint3.Task2.V19.Test", "Tyuiu.MorozAD.Sprint3.Task2.V19.Test\Tyuiu.MorozAD.Sprint3.Task2.V19.Test.csproj", "{2B427A54-CE15-496E-BC7D-73D26E4DC813}"
EndProject
Global
	GlobalSection(SolutionConfigurationPlatforms) = preSolution
		Debug|Any CPU = Debug|Any CPU
		Release|Any CPU = Release|Any CPU
	EndGlobalSection
	GlobalSection(ProjectConfigurationPlatforms) = postSolution
		{4C58BB03-E248-48E0-B260-180F283A6AFC}.Debug|Any CPU.ActiveCfg = Debug|Any CPU
		{4C58BB03-E248-48E0-B260-180F283A6AFC}.Debug|Any CPU.Build.0 = Debug|Any CPU
		{4C58BB03-E248-48E0-B260-180F283A6AFC}.Release|Any CPU.ActiveCfg = Release|Any CPU
		{4C58BB03-E248-48E0-B260-180F283A6AFC}.Release|Any CPU.Build.0 = Release|Any CPU
		{4B0DE149-BB8C-4177-96DB-F041552D03BA}.Debug|Any CPU.ActiveCfg = Debug|Any CPU
		{4B0DE149-BB8C-4177-96DB-F041552D03BA}.Debug|Any CPU.Build.0 = Debug|Any CPU
		{4B0DE149-BB8C-4177-96DB-F041552D03BA}.Release|Any CPU.ActiveCfg = Release|Any CPU
		{4B0DE149-BB8C-4177-96DB-F041552D03BA}.Release|Any CPU.Build.0 = Release|Any CPU
		{35B5C99A-ABF1-43B2-90BF-A4827D4034B4}.Debug|Any CPU.ActiveCfg = Debug|Any CPU
		{35B5C99A-ABF1-43B2-90BF-A4827D4034B4}.Debug|Any CPU.Build.0 = Debug|Any CPU
		{35B5C99A-ABF1-43B2-90BF-A4827D4034B4}.Release|Any CPU.ActiveCfg = Release|Any CPU
		{35B5C99A-ABF1-43B2-90BF-A4827D4034B4}.Release|Any CPU.Build.0 = Release|Any CPU
		{6103EFB7-1B5B-409C-BC8E-07B752D1F4EB}.Debug|Any CPU.ActiveCfg = Debug|Any CPU
		{6103EFB7-1B5B-409C-BC8E-07B752D1F4EB}.Debug|Any CPU.Build.0 = Debug|Any CPU
		{6103EFB7-1B5B-409C-BC8E-07B752D1F4EB}.Release|Any CPU.ActiveCfg = Release|Any CPU
		{6103EFB7-1B5B-409C-BC8E-07B752D1F4EB}.Release|Any CPU.Build.0 = Release|Any CPU
		{D8656467-798F-4290-ACDF-6EDF198F7EC4}.Debug|Any CPU.ActiveCfg = Debug|Any CPU
		{D8656467-798F-4290-ACDF-6EDF198F7EC4}.Debug|Any CPU.Build.0 = Debug|Any CPU
		{D8656467-798F-4290-ACDF-6EDF198F7EC4}.Release|Any CPU.ActiveCfg = Release|Any CPU
		{D8656467-798F-4290-ACDF-6EDF198F7EC4}.Release|Any CPU.Build.0 = Release|Any CPU
		{8EDBE45E-E68F-47E2-A2FB-2F6D553B7DAE}.Debug|Any CPU.ActiveCfg = Debug|Any CPU
		{8EDBE45E-E68F-47E2-A2FB-2F6D553B7DAE}.Debug|Any CPU.Build.0 = Debug|Any CPU
		{8EDBE45E-E68F-47E2-A2FB-2F6D553B7DAE}.Release|Any CPU.ActiveCfg = Release|Any CPU
		{8EDBE45E-E68F-47E2-A2FB-2F6D553B7DAE}.Release|Any CPU.Build.0 = Release|Any CPU
		{E5A054C1-44DB-43F2-AD42-0B22579F9C37}.Debug|Any CPU.ActiveCfg = Debug|Any CPU
		{E5A054C1-44DB-43F2-AD42-0B22579F9C37}.Debug|Any CPU.Build.0 = Debug|Any CPU
		{E5A054C1-44DB-43F2-AD42-0B22579F9C37}.Release|Any CPU.ActiveCfg = Release|Any CPU
		{E5A054C1-44DB-43F2-AD42-0B22579F9C37}.Release|Any CPU.Build.0 = Release|Any CPU
		{8F2EACE5-7552-4677-8FB0-CCC971635F23}.Debug|Any CPU.ActiveCfg = Debug|Any CPU
		{8F2EACE5-7552-4677-8FB0-CCC971635F23}.Debug|Any CPU.Build.0 = Debug|Any CPU
		{8F2EACE5-7552-4677-8FB0-CCC971635F23}.Release|Any CPU.ActiveCfg = Release|Any CPU
		{8F2EACE5-7552-4677-8FB0-CCC971635F23}.Release|Any CPU.Build.0 = Release|Any CPU
		{2B427A54-CE15-496E-BC7D-73D26E4DC813}.Debug|Any CPU.ActiveCfg = Debug|Any CPU
		{2B427A54-CE15-496E-BC7D-73D26E4DC813}.Debug|Any CPU.Build.0 = Debug|Any CPU
		{2B427A54-CE15-496E-BC7D-73D26E4DC813}.Release|Any CPU.ActiveCfg = Release|Any CPU
		{2B427A54-CE15-496E-BC7D-73D26E4DC813}.Release|Any CPU.Build.0 = Release|Any CPU
	EndGlobalSection
	GlobalSection(SolutionProperties) = preSolution
		HideSolutionNode = FALSE
	EndGlobalSection
	GlobalSection(NestedProjects) = preSolution
		{4C58BB03-E248-48E0-B260-180F283A6AFC} = {B173A8F1-8987-4503-9006-AE5AD1B85B3C}
		{4B0DE149-BB8C-4177-96DB-F041552D03BA} = {B173A8F1-8987-4503-9006-AE5AD1B85B3C}
		{35B5C99A-ABF1-43B2-90BF-A4827D4034B4} = {B173A8F1-8987-4503-9006-AE5AD1B85B3C}
		{6103EFB7-1B5B-409C-BC8E-07B752D1F4EB} = {91BB97D7-BD9B-4D1F-9795-C0990DB01D59}
		{D8656467-798F-4290-ACDF-6EDF198F7EC4} = {91BB97D7-BD9B-4D1F-9795-C0990DB01D59}
		{8EDBE45E-E68F-47E2-A2FB-2F6D553B7DAE} = {91BB97D7-BD9B-4D1F-9795-C0990DB01D59}
		{E5A054C1-44DB-43F2-AD42-0B22579F9C37} = {35C716BA-722B-4467-BA7D-707F27F2E3EC}
		{8F2EACE5-7552-4677-8FB0-CCC971635F23} = {35C716BA-722B-4467-BA7D-707F27F2E3EC}
		{2B427A54-CE15-496E-BC7D-73D26E4DC813} = {35C716BA-722B-4467-BA7D-707F27F2E3EC}
	EndGlobalSection
	GlobalSection(ExtensibilityGlobals) = postSolution
		SolutionGuid = {E479A6ED-CDCA-4D40-AEFD-44FDD702FFD3}
	EndGlobalSection
EndGlobal
